
Microsoft Visual Studio Solution File, Format Version 12.00
# Visual Studio Version 17
VisualStudioVersion = 17.14.36915.13 d17.14
MinimumVisualStudioVersion = 10.0.40219.1
Project("{FAE04EC0-301F-11D3-BF4B-00C04F79EFBC}") = "G-NET-7-FW01", "G-NET-7-FW01.csproj", "{F540CB21-7890-40EA-B0E8-32BCF3D45A34}"
EndProject
Global
	GlobalSection(SolutionConfigurationPlatforms) = preSolution
		Debug|Any CPU = Debug|Any CPU
		Release|Any CPU = Release|Any CPU
	EndGlobalSection
	GlobalSection(ProjectConfigurationPlatforms) = postSolution
		{F540CB21-7890-40EA-B0E8-32BCF3D45A34}.Debug|Any CPU.ActiveCfg = Debug|Any CPU
		{F540CB21-7890-40EA-B0E8-32BCF3D45A34}.Debug|Any CPU.Build.0 = Debug|Any CPU
		{F540CB21-7890-40EA-B0E8-32BCF3D45A34}.Release|Any CPU.ActiveCfg = Release|Any CPU
		{F540CB21-7890-40EA-B0E8-32BCF3D45A34}.Release|Any CPU.Build.0 = Release|Any CPU
	EndGlobalSection
	GlobalSection(SolutionProperties) = preSolution
		HideSolutionNode = FALSE
	EndGlobalSection
	GlobalSection(ExtensibilityGlobals) = postSolution
		SolutionGuid = {2854075F-07A0-4099-B592-B62DD03EB0B0}
	EndGlobalSection
EndGlobal
